
Microsoft Visual Studio Solution File, Format Version 12.00
# Visual Studio Version 17
VisualStudioVersion = 17.13.35919.96
MinimumVisualStudioVersion = 10.0.40219.1
Project("{FAE04EC0-301F-11D3-BF4B-00C04F79EFBC}") = "Kaelber_projekt.Console", "Kaelber_projekt.Console\Kaelber_projekt.Console.csproj", "{DE924CBE-CA5D-4678-A82D-65B96B599A3A}"
EndProject
Project("{FAE04EC0-301F-11D3-BF4B-00C04F79EFBC}") = "Kaelber_projekt.Class", "Kaelber_projekt.Class\Kaelber_projekt.Class.csproj", "{80C9714F-5357-4D45-8CD3-83E88FF024C5}"
EndProject
Project("{FAE04EC0-301F-11D3-BF4B-00C04F79EFBC}") = "Oberflaeche_kaelber.Forms", "Oberflaeche_kaelber.Forms\Oberflaeche_kaelber.Forms.csproj", "{6D5BFFB1-A59A-4B40-9814-415CC9333AE6}"
EndProject
Global
	GlobalSection(SolutionConfigurationPlatforms) = preSolution
		Debug|Any CPU = Debug|Any CPU
		Release|Any CPU = Release|Any CPU
	EndGlobalSection
	GlobalSection(ProjectConfigurationPlatforms) = postSolution
		{DE924CBE-CA5D-4678-A82D-65B96B599A3A}.Debug|Any CPU.ActiveCfg = Debug|Any CPU
		{DE924CBE-CA5D-4678-A82D-65B96B599A3A}.Debug|Any CPU.Build.0 = Debug|Any CPU
		{DE924CBE-CA5D-4678-A82D-65B96B599A3A}.Release|Any CPU.ActiveCfg = Release|Any CPU
		{DE924CBE-CA5D-4678-A82D-65B96B599A3A}.Release|Any CPU.Build.0 = Release|Any CPU
		{80C9714F-5357-4D45-8CD3-83E88FF024C5}.Debug|Any CPU.ActiveCfg = Debug|Any CPU
		{80C9714F-5357-4D45-8CD3-83E88FF024C5}.Debug|Any CPU.Build.0 = Debug|Any CPU
		{80C9714F-5357-4D45-8CD3-83E88FF024C5}.Release|Any CPU.ActiveCfg = Release|Any CPU
		{80C9714F-5357-4D45-8CD3-83E88FF024C5}.Release|Any CPU.Build.0 = Release|Any CPU
		{6D5BFFB1-A59A-4B40-9814-415CC9333AE6}.Debug|Any CPU.ActiveCfg = Debug|Any CPU
		{6D5BFFB1-A59A-4B40-9814-415CC9333AE6}.Debug|Any CPU.Build.0 = Debug|Any CPU
		{6D5BFFB1-A59A-4B40-9814-415CC9333AE6}.Release|Any CPU.ActiveCfg = Release|Any CPU
		{6D5BFFB1-A59A-4B40-9814-415CC9333AE6}.Release|Any CPU.Build.0 = Release|Any CPU
	EndGlobalSection
	GlobalSection(SolutionProperties) = preSolution
		HideSolutionNode = FALSE
	EndGlobalSection
	GlobalSection(ExtensibilityGlobals) = postSolution
		SolutionGuid = {6C98F3C1-FECE-48B7-8DA1-AF4F660142CD}
	EndGlobalSection
EndGlobal
